FORGE
  remote: http://forge.puppetlabs.com
  specs:
    puppetlabs/firewall (0.3.0)
    puppetlabs/stdlib (3.2.0)
    ripienaar/concat (0.2.0)

GIT
  remote: /etc/puppet/repos/puppet-openssl/
  ref: master
  sha: c7aa77cbf423dd7941eb7e5923fbf644a7e74d96
  specs:
    openssl (0.1.0)
      puppetlabs/stdlib (>= 0.0.1)

GIT
  remote: git://github.com/puppetlabs/puppetlabs-apache.git
  ref: master
  sha: 77f459339286dd0c8dbb0fa90ecbeb43bb17931a
  specs:
    apache (0.6.0)
      puppetlabs/firewall (>= 0.0.4)
      puppetlabs/stdlib (>= 2.2.1)
      ripienaar/concat (>= 0.2.0)

DEPENDENCIES
  apache (>= 0)
  openssl (>= 0)

